
Microsoft Visual Studio Solution File, Format Version 12.00
# Visual Studio Version 17
VisualStudioVersion = 17.11.35327.3
MinimumVisualStudioVersion = 10.0.40219.1
Project("{FAE04EC0-301F-11D3-BF4B-00C04F79EFBC}") = "API_DUAN_C5", "API_DUAN_C5.csproj", "{2C4614B5-3C6E-465B-8D3C-30E6559112D6}"
EndProject
Global
	GlobalSection(SolutionConfigurationPlatforms) = preSolution
		Debug|Any CPU = Debug|Any CPU
		Release|Any CPU = Release|Any CPU
	EndGlobalSection
	GlobalSection(ProjectConfigurationPlatforms) = postSolution
		{2C4614B5-3C6E-465B-8D3C-30E6559112D6}.Debug|Any CPU.ActiveCfg = Debug|Any CPU
		{2C4614B5-3C6E-465B-8D3C-30E6559112D6}.Debug|Any CPU.Build.0 = Debug|Any CPU
		{2C4614B5-3C6E-465B-8D3C-30E6559112D6}.Release|Any CPU.ActiveCfg = Release|Any CPU
		{2C4614B5-3C6E-465B-8D3C-30E6559112D6}.Release|Any CPU.Build.0 = Release|Any CPU
	EndGlobalSection
	GlobalSection(SolutionProperties) = preSolution
		HideSolutionNode = FALSE
	EndGlobalSection
	GlobalSection(ExtensibilityGlobals) = postSolution
		SolutionGuid = {CBF9E90A-2D8B-4323-A140-22B5C2B08C79}
	EndGlobalSection
EndGlobal
